
Microsoft Visual Studio Solution File, Format Version 12.00
# Visual Studio Version 16
VisualStudioVersion = 16.0.30309.148
MinimumVisualStudioVersion = 10.0.40219.1
Project("{FAE04EC0-301F-11D3-BF4B-00C04F79EFBC}") = "ROOT.Zfs.Core", "ROOT.Zfs.Core\ROOT.Zfs.Core.csproj", "{77AA8EB4-624C-41F6-83F9-6F4B53DA636F}"
EndProject
Project("{FAE04EC0-301F-11D3-BF4B-00C04F79EFBC}") = "ROOT.Zfs.Tests", "ROOT.Zfs.Tests\ROOT.Zfs.Tests.csproj", "{D625B2DB-D15B-4953-8FA8-9FF500007326}"
EndProject
Global
	GlobalSection(SolutionConfigurationPlatforms) = preSolution
		Debug|Any CPU = Debug|Any CPU
		Release|Any CPU = Release|Any CPU
	EndGlobalSection
	GlobalSection(ProjectConfigurationPlatforms) = postSolution
		{77AA8EB4-624C-41F6-83F9-6F4B53DA636F}.Debug|Any CPU.ActiveCfg = Debug|Any CPU
		{77AA8EB4-624C-41F6-83F9-6F4B53DA636F}.Debug|Any CPU.Build.0 = Debug|Any CPU
		{77AA8EB4-624C-41F6-83F9-6F4B53DA636F}.Release|Any CPU.ActiveCfg = Release|Any CPU
		{77AA8EB4-624C-41F6-83F9-6F4B53DA636F}.Release|Any CPU.Build.0 = Release|Any CPU
		{D625B2DB-D15B-4953-8FA8-9FF500007326}.Debug|Any CPU.ActiveCfg = Debug|Any CPU
		{D625B2DB-D15B-4953-8FA8-9FF500007326}.Debug|Any CPU.Build.0 = Debug|Any CPU
		{D625B2DB-D15B-4953-8FA8-9FF500007326}.Release|Any CPU.ActiveCfg = Release|Any CPU
		{D625B2DB-D15B-4953-8FA8-9FF500007326}.Release|Any CPU.Build.0 = Release|Any CPU
	EndGlobalSection
	GlobalSection(SolutionProperties) = preSolution
		HideSolutionNode = FALSE
	EndGlobalSection
	GlobalSection(ExtensibilityGlobals) = postSolution
		SolutionGuid = {A7492CF3-925A-4E23-AAD3-28EF1AD4B00D}
	EndGlobalSection
EndGlobal
